
Microsoft Visual Studio Solution File, Format Version 12.00
# Visual Studio 15
VisualStudioVersion = 15.0.27703.2047
MinimumVisualStudioVersion = 10.0.40219.1
Project("{8BC9CEB8-8B4A-11D0-8D11-00A0C91BC942}") = "OnlineVideoRTime", "OnlineVideoRTime\OnlineVideoRTime.vcxproj", "{6EA4EAE7-3065-4155-8121-8EFA8D308796}"
	ProjectSection(ProjectDependencies) = postProject
		{ABBC4B20-3470-4956-BE83-679042D04EB8} = {ABBC4B20-3470-4956-BE83-679042D04EB8}
		{16A14E52-636C-48C5-8700-D2AC08F30867} = {16A14E52-636C-48C5-8700-D2AC08F30867}
		{B8072EE5-0CE7-37B8-85D2-D2D1292199CE} = {B8072EE5-0CE7-37B8-85D2-D2D1292199CE}
	EndProjectSection
EndProject
Project("{2150E333-8FDC-42A3-9474-1A3956D46DE8}") = "Live555_Lib", "Live555_Lib", "{FD329FB5-1B80-4ABA-9496-B16805DD9C5A}"
EndProject
Project("{8BC9CEB8-8B4A-11D0-8D11-00A0C91BC942}") = "BasicUsageEnvironment", "live555_library\BasicUsageEnvironment\BasicUsageEnvironment.vcxproj", "{E23E8CA2-77B1-4BBC-9A1A-087A263915AA}"
EndProject
Project("{8BC9CEB8-8B4A-11D0-8D11-00A0C91BC942}") = "UsageEnvironment", "live555_library\UsageEnvironment\UsageEnvironment.vcxproj", "{BA6880A6-6649-4483-B69A-E05D72B7A8F1}"
EndProject
Project("{8BC9CEB8-8B4A-11D0-8D11-00A0C91BC942}") = "groupsock", "live555_library\groupsock\groupsock.vcxproj", "{0BB70A8E-7A1A-4529-B772-7A2C0840844F}"
EndProject
Project("{8BC9CEB8-8B4A-11D0-8D11-00A0C91BC942}") = "liveMedia", "live555_library\liveMedia\liveMedia.vcxproj", "{79B281E0-A429-4572-8FCE-068DDAF54E8F}"
EndProject
Project("{2150E333-8FDC-42A3-9474-1A3956D46DE8}") = "Codec", "Codec", "{CE2B0A7E-A3E8-4963-8CDE-C19665BBB5CD}"
EndProject
Project("{2150E333-8FDC-42A3-9474-1A3956D46DE8}") = "RTSPDLL", "RTSPDLL", "{E97F1EFD-9E9C-4131-9C2C-0DE16B35F6DF}"
EndProject
Project("{2150E333-8FDC-42A3-9474-1A3956D46DE8}") = "__git", "__git", "{AB494B8E-9259-405A-806A-B3E031BD3089}"
	ProjectSection(SolutionItems) = preProject
		.gitignore = .gitignore
	EndProjectSection
EndProject
Project("{8BC9CEB8-8B4A-11D0-8D11-00A0C91BC942}") = "RTSPClientDLL", "RTSPClientDLL\RTSPClientDLL.vcxproj", "{14E28902-E4E6-4CD7-A001-AC917B3B25C2}"
	ProjectSection(ProjectDependencies) = postProject
		{0BB70A8E-7A1A-4529-B772-7A2C0840844F} = {0BB70A8E-7A1A-4529-B772-7A2C0840844F}
		{E23E8CA2-77B1-4BBC-9A1A-087A263915AA} = {E23E8CA2-77B1-4BBC-9A1A-087A263915AA}
		{BA6880A6-6649-4483-B69A-E05D72B7A8F1} = {BA6880A6-6649-4483-B69A-E05D72B7A8F1}
		{79B281E0-A429-4572-8FCE-068DDAF54E8F} = {79B281E0-A429-4572-8FCE-068DDAF54E8F}
	EndProjectSection
EndProject
Project("{8BC9CEB8-8B4A-11D0-8D11-00A0C91BC942}") = "RTSPServerDLL", "RTSPServerDLL\RTSPServerDLL.vcxproj", "{ABBC4B20-3470-4956-BE83-679042D04EB8}"
	ProjectSection(ProjectDependencies) = postProject
		{0BB70A8E-7A1A-4529-B772-7A2C0840844F} = {0BB70A8E-7A1A-4529-B772-7A2C0840844F}
		{E23E8CA2-77B1-4BBC-9A1A-087A263915AA} = {E23E8CA2-77B1-4BBC-9A1A-087A263915AA}
		{BA6880A6-6649-4483-B69A-E05D72B7A8F1} = {BA6880A6-6649-4483-B69A-E05D72B7A8F1}
		{79B281E0-A429-4572-8FCE-068DDAF54E8F} = {79B281E0-A429-4572-8FCE-068DDAF54E8F}
		{B8072EE5-0CE7-37B8-85D2-D2D1292199CE} = {B8072EE5-0CE7-37B8-85D2-D2D1292199CE}
	EndProjectSection
EndProject
Project("{8BC9CEB8-8B4A-11D0-8D11-00A0C91BC942}") = "NvDecDll", "NvDecDll\AppDecode\AppDecD3D\AppDecD3D.vcxproj", "{16A14E52-636C-48C5-8700-D2AC08F30867}"
	ProjectSection(ProjectDependencies) = postProject
		{14E28902-E4E6-4CD7-A001-AC917B3B25C2} = {14E28902-E4E6-4CD7-A001-AC917B3B25C2}
	EndProjectSection
EndProject
Project("{8BC9CEB8-8B4A-11D0-8D11-00A0C91BC942}") = "NvEncDll", "NvEncDll\AppEncode\AppEncCuda\AppEncCuda.vcxproj", "{B8072EE5-0CE7-37B8-85D2-D2D1292199CE}"
EndProject
Global
	GlobalSection(SolutionConfigurationPlatforms) = preSolution
		Release|x64 = Release|x64
	EndGlobalSection
	GlobalSection(ProjectConfigurationPlatforms) = postSolution
		{E23E8CA2-77B1-4BBC-9A1A-087A263915AA}.Release|x64.ActiveCfg = Release|x64
		{E23E8CA2-77B1-4BBC-9A1A-087A263915AA}.Release|x64.Build.0 = Release|x64
		{BA6880A6-6649-4483-B69A-E05D72B7A8F1}.Release|x64.ActiveCfg = Release|x64
		{BA6880A6-6649-4483-B69A-E05D72B7A8F1}.Release|x64.Build.0 = Release|x64
		{0BB70A8E-7A1A-4529-B772-7A2C0840844F}.Release|x64.ActiveCfg = Release|x64
		{0BB70A8E-7A1A-4529-B772-7A2C0840844F}.Release|x64.Build.0 = Release|x64
		{79B281E0-A429-4572-8FCE-068DDAF54E8F}.Release|x64.ActiveCfg = Release|x64
		{79B281E0-A429-4572-8FCE-068DDAF54E8F}.Release|x64.Build.0 = Release|x64
		{14E28902-E4E6-4CD7-A001-AC917B3B25C2}.Release|x64.ActiveCfg = Release|x64
		{14E28902-E4E6-4CD7-A001-AC917B3B25C2}.Release|x64.Build.0 = Release|x64
		{ABBC4B20-3470-4956-BE83-679042D04EB8}.Release|x64.ActiveCfg = Release|x64
		{ABBC4B20-3470-4956-BE83-679042D04EB8}.Release|x64.Build.0 = Release|x64
		{16A14E52-636C-48C5-8700-D2AC08F30867}.Release|x64.ActiveCfg = Release|x64
		{16A14E52-636C-48C5-8700-D2AC08F30867}.Release|x64.Build.0 = Release|x64
		{6EA4EAE7-3065-4155-8121-8EFA8D308796}.Release|x64.ActiveCfg = Release|x64
		{6EA4EAE7-3065-4155-8121-8EFA8D308796}.Release|x64.Build.0 = Release|x64
		{B8072EE5-0CE7-37B8-85D2-D2D1292199CE}.Release|x64.ActiveCfg = Release|x64
		{B8072EE5-0CE7-37B8-85D2-D2D1292199CE}.Release|x64.Build.0 = Release|x64
	EndGlobalSection
	GlobalSection(SolutionProperties) = preSolution
		HideSolutionNode = FALSE
	EndGlobalSection
	GlobalSection(NestedProjects) = preSolution
		{FD329FB5-1B80-4ABA-9496-B16805DD9C5A} = {E97F1EFD-9E9C-4131-9C2C-0DE16B35F6DF}
		{E23E8CA2-77B1-4BBC-9A1A-087A263915AA} = {FD329FB5-1B80-4ABA-9496-B16805DD9C5A}
		{BA6880A6-6649-4483-B69A-E05D72B7A8F1} = {FD329FB5-1B80-4ABA-9496-B16805DD9C5A}
		{0BB70A8E-7A1A-4529-B772-7A2C0840844F} = {FD329FB5-1B80-4ABA-9496-B16805DD9C5A}
		{79B281E0-A429-4572-8FCE-068DDAF54E8F} = {FD329FB5-1B80-4ABA-9496-B16805DD9C5A}
		{CE2B0A7E-A3E8-4963-8CDE-C19665BBB5CD} = {E97F1EFD-9E9C-4131-9C2C-0DE16B35F6DF}
		{14E28902-E4E6-4CD7-A001-AC917B3B25C2} = {E97F1EFD-9E9C-4131-9C2C-0DE16B35F6DF}
		{ABBC4B20-3470-4956-BE83-679042D04EB8} = {E97F1EFD-9E9C-4131-9C2C-0DE16B35F6DF}
		{16A14E52-636C-48C5-8700-D2AC08F30867} = {CE2B0A7E-A3E8-4963-8CDE-C19665BBB5CD}
		{B8072EE5-0CE7-37B8-85D2-D2D1292199CE} = {CE2B0A7E-A3E8-4963-8CDE-C19665BBB5CD}
	EndGlobalSection
	GlobalSection(ExtensibilityGlobals) = postSolution
		SolutionGuid = {4B61D0C8-E2DF-402A-B5F9-B578E1B40803}
	EndGlobalSection
EndGlobal
